
Microsoft Visual Studio Solution File, Format Version 12.00
# Visual Studio 14
VisualStudioVersion = 14.0.24720.0
MinimumVisualStudioVersion = 10.0.40219.1
Project("{2150E333-8FDC-42A3-9474-1A3956D46DE8}") = "Solution Items", "Solution Items", "{B6DC393C-B15D-4AD9-9E3F-E82BBCEF561D}"
EndProject
Project("{2150E333-8FDC-42A3-9474-1A3956D46DE8}") = "Unit tests", "Unit tests", "{6EEAB5F0-597E-43CF-9A7C-1842292E9C2E}"
EndProject
Project("{2150E333-8FDC-42A3-9474-1A3956D46DE8}") = "source", "source", "{9C803CA4-398F-4747-98AE-8B12D40A5A35}"
EndProject
Project("{FAE04EC0-301F-11D3-BF4B-00C04F79EFBC}") = "Its.Log", "Its.Log\Its.Log.csproj", "{870A5A29-7744-41F1-89E7-90300954AD07}"
EndProject
Project("{FAE04EC0-301F-11D3-BF4B-00C04F79EFBC}") = "Its.Log.UnitTests", "Its.Log.UnitTests\Its.Log.UnitTests.csproj", "{4FC9F4A8-D231-449A-A23A-8BE8E1F5B7D2}"
EndProject
Project("{FAE04EC0-301F-11D3-BF4B-00C04F79EFBC}") = "Its.Log.js.UnitTests", "Its.Log.js.UnitTests\Its.Log.js.UnitTests.csproj", "{AFA1A57D-48DB-4E7A-87AA-2FE15B65FE00}"
EndProject
Project("{FAE04EC0-301F-11D3-BF4B-00C04F79EFBC}") = "Its.Log.Lite", "Its.Log.Lite\Its.Log.Lite.csproj", "{2B75AB1F-42AA-4A9A-ABC8-F2387CF3936C}"
EndProject
Project("{FAE04EC0-301F-11D3-BF4B-00C04F79EFBC}") = "Its.Log.Lite.UnitTests", "Its.Log.Lite.UnitTests\Its.Log.Lite.UnitTests.csproj", "{C79F3C1F-3437-42BC-9DA9-9560AEF59A50}"
EndProject
Project("{FAE04EC0-301F-11D3-BF4B-00C04F79EFBC}") = "Its.Log.Monitoring", "Its.Log.Monitoring\Its.Log.Monitoring.csproj", "{16720C36-CC74-4884-B13F-E19D9DE7D96A}"
EndProject
Project("{FAE04EC0-301F-11D3-BF4B-00C04F79EFBC}") = "Its.Log.Monitoring.UnitTests", "Its.Log.Monitoring.UnitTests\Its.Log.Monitoring.UnitTests.csproj", "{23B1A4D6-6FB3-4FDB-BC35-A4F5A3B87063}"
EndProject
Project("{FAE04EC0-301F-11D3-BF4B-00C04F79EFBC}") = "Recipes", "Recipes\Recipes.csproj", "{3FFA626A-BE93-4DFB-A15D-D7AAB98769C3}"
EndProject
Project("{FAE04EC0-301F-11D3-BF4B-00C04F79EFBC}") = "Its.Log.js", "Its.Log.js\Its.Log.js.csproj", "{3FC4E860-5CC9-49CA-8844-2AF871932334}"
EndProject
Project("{2150E333-8FDC-42A3-9474-1A3956D46DE8}") = ".nuget", ".nuget", "{A6016020-E65A-4D55-B1A3-82F4BF1B43CD}"
	ProjectSection(SolutionItems) = preProject
		.nuget\NuGet.Config = .nuget\NuGet.Config
		.nuget\NuGet.exe = .nuget\NuGet.exe
		.nuget\NuGet.targets = .nuget\NuGet.targets
	EndProjectSection
EndProject
Project("{FAE04EC0-301F-11D3-BF4B-00C04F79EFBC}") = "Recipes.Tests", "Recipes.Tests\Recipes.Tests.csproj", "{0FCC5D9B-ABB0-4F8A-9C78-8C8B394D31BE}"
EndProject
Global
	GlobalSection(SolutionConfigurationPlatforms) = preSolution
		Debug|Any CPU = Debug|Any CPU
		Development|Any CPU = Development|Any CPU
		Release|Any CPU = Release|Any CPU
	EndGlobalSection
	GlobalSection(ProjectConfigurationPlatforms) = postSolution
		{870A5A29-7744-41F1-89E7-90300954AD07}.Debug|Any CPU.ActiveCfg = Debug|Any CPU
		{870A5A29-7744-41F1-89E7-90300954AD07}.Debug|Any CPU.Build.0 = Debug|Any CPU
		{870A5A29-7744-41F1-89E7-90300954AD07}.Development|Any CPU.ActiveCfg = Debug|Any CPU
		{870A5A29-7744-41F1-89E7-90300954AD07}.Development|Any CPU.Build.0 = Debug|Any CPU
		{870A5A29-7744-41F1-89E7-90300954AD07}.Release|Any CPU.ActiveCfg = Release|Any CPU
		{870A5A29-7744-41F1-89E7-90300954AD07}.Release|Any CPU.Build.0 = Release|Any CPU
		{4FC9F4A8-D231-449A-A23A-8BE8E1F5B7D2}.Debug|Any CPU.ActiveCfg = Debug|Any CPU
		{4FC9F4A8-D231-449A-A23A-8BE8E1F5B7D2}.Debug|Any CPU.Build.0 = Debug|Any CPU
		{4FC9F4A8-D231-449A-A23A-8BE8E1F5B7D2}.Development|Any CPU.ActiveCfg = Debug|Any CPU
		{4FC9F4A8-D231-449A-A23A-8BE8E1F5B7D2}.Development|Any CPU.Build.0 = Debug|Any CPU
		{4FC9F4A8-D231-449A-A23A-8BE8E1F5B7D2}.Release|Any CPU.ActiveCfg = Release|Any CPU
		{4FC9F4A8-D231-449A-A23A-8BE8E1F5B7D2}.Release|Any CPU.Build.0 = Release|Any CPU
		{AFA1A57D-48DB-4E7A-87AA-2FE15B65FE00}.Debug|Any CPU.ActiveCfg = Debug|Any CPU
		{AFA1A57D-48DB-4E7A-87AA-2FE15B65FE00}.Debug|Any CPU.Build.0 = Debug|Any CPU
		{AFA1A57D-48DB-4E7A-87AA-2FE15B65FE00}.Development|Any CPU.ActiveCfg = Debug|Any CPU
		{AFA1A57D-48DB-4E7A-87AA-2FE15B65FE00}.Development|Any CPU.Build.0 = Debug|Any CPU
		{AFA1A57D-48DB-4E7A-87AA-2FE15B65FE00}.Release|Any CPU.ActiveCfg = Release|Any CPU
		{AFA1A57D-48DB-4E7A-87AA-2FE15B65FE00}.Release|Any CPU.Build.0 = Release|Any CPU
		{2B75AB1F-42AA-4A9A-ABC8-F2387CF3936C}.Debug|Any CPU.ActiveCfg = Debug|Any CPU
		{2B75AB1F-42AA-4A9A-ABC8-F2387CF3936C}.Debug|Any CPU.Build.0 = Debug|Any CPU
		{2B75AB1F-42AA-4A9A-ABC8-F2387CF3936C}.Development|Any CPU.ActiveCfg = Debug|Any CPU
		{2B75AB1F-42AA-4A9A-ABC8-F2387CF3936C}.Development|Any CPU.Build.0 = Debug|Any CPU
		{2B75AB1F-42AA-4A9A-ABC8-F2387CF3936C}.Release|Any CPU.ActiveCfg = Release|Any CPU
		{2B75AB1F-42AA-4A9A-ABC8-F2387CF3936C}.Release|Any CPU.Build.0 = Release|Any CPU
		{C79F3C1F-3437-42BC-9DA9-9560AEF59A50}.Debug|Any CPU.ActiveCfg = Debug|Any CPU
		{C79F3C1F-3437-42BC-9DA9-9560AEF59A50}.Debug|Any CPU.Build.0 = Debug|Any CPU
		{C79F3C1F-3437-42BC-9DA9-9560AEF59A50}.Development|Any CPU.ActiveCfg = Debug|Any CPU
		{C79F3C1F-3437-42BC-9DA9-9560AEF59A50}.Development|Any CPU.Build.0 = Debug|Any CPU
		{C79F3C1F-3437-42BC-9DA9-9560AEF59A50}.Release|Any CPU.ActiveCfg = Release|Any CPU
		{C79F3C1F-3437-42BC-9DA9-9560AEF59A50}.Release|Any CPU.Build.0 = Release|Any CPU
		{16720C36-CC74-4884-B13F-E19D9DE7D96A}.Debug|Any CPU.ActiveCfg = Debug|Any CPU
		{16720C36-CC74-4884-B13F-E19D9DE7D96A}.Debug|Any CPU.Build.0 = Debug|Any CPU
		{16720C36-CC74-4884-B13F-E19D9DE7D96A}.Development|Any CPU.ActiveCfg = Debug|Any CPU
		{16720C36-CC74-4884-B13F-E19D9DE7D96A}.Development|Any CPU.Build.0 = Debug|Any CPU
		{16720C36-CC74-4884-B13F-E19D9DE7D96A}.Release|Any CPU.ActiveCfg = Release|Any CPU
		{16720C36-CC74-4884-B13F-E19D9DE7D96A}.Release|Any CPU.Build.0 = Release|Any CPU
		{23B1A4D6-6FB3-4FDB-BC35-A4F5A3B87063}.Debug|Any CPU.ActiveCfg = Debug|Any CPU
		{23B1A4D6-6FB3-4FDB-BC35-A4F5A3B87063}.Debug|Any CPU.Build.0 = Debug|Any CPU
		{23B1A4D6-6FB3-4FDB-BC35-A4F5A3B87063}.Development|Any CPU.ActiveCfg = Debug|Any CPU
		{23B1A4D6-6FB3-4FDB-BC35-A4F5A3B87063}.Development|Any CPU.Build.0 = Debug|Any CPU
		{23B1A4D6-6FB3-4FDB-BC35-A4F5A3B87063}.Release|Any CPU.ActiveCfg = Release|Any CPU
		{23B1A4D6-6FB3-4FDB-BC35-A4F5A3B87063}.Release|Any CPU.Build.0 = Release|Any CPU
		{3FFA626A-BE93-4DFB-A15D-D7AAB98769C3}.Debug|Any CPU.ActiveCfg = Debug|Any CPU
		{3FFA626A-BE93-4DFB-A15D-D7AAB98769C3}.Debug|Any CPU.Build.0 = Debug|Any CPU
		{3FFA626A-BE93-4DFB-A15D-D7AAB98769C3}.Development|Any CPU.ActiveCfg = Debug|Any CPU
		{3FFA626A-BE93-4DFB-A15D-D7AAB98769C3}.Development|Any CPU.Build.0 = Debug|Any CPU
		{3FFA626A-BE93-4DFB-A15D-D7AAB98769C3}.Release|Any CPU.ActiveCfg = Release|Any CPU
		{3FFA626A-BE93-4DFB-A15D-D7AAB98769C3}.Release|Any CPU.Build.0 = Release|Any CPU
		{3FC4E860-5CC9-49CA-8844-2AF871932334}.Debug|Any CPU.ActiveCfg = Debug|Any CPU
		{3FC4E860-5CC9-49CA-8844-2AF871932334}.Debug|Any CPU.Build.0 = Debug|Any CPU
		{3FC4E860-5CC9-49CA-8844-2AF871932334}.Development|Any CPU.ActiveCfg = Debug|Any CPU
		{3FC4E860-5CC9-49CA-8844-2AF871932334}.Development|Any CPU.Build.0 = Debug|Any CPU
		{3FC4E860-5CC9-49CA-8844-2AF871932334}.Release|Any CPU.ActiveCfg = Release|Any CPU
		{3FC4E860-5CC9-49CA-8844-2AF871932334}.Release|Any CPU.Build.0 = Release|Any CPU
		{0FCC5D9B-ABB0-4F8A-9C78-8C8B394D31BE}.Debug|Any CPU.ActiveCfg = Debug|Any CPU
		{0FCC5D9B-ABB0-4F8A-9C78-8C8B394D31BE}.Debug|Any CPU.Build.0 = Debug|Any CPU
		{0FCC5D9B-ABB0-4F8A-9C78-8C8B394D31BE}.Development|Any CPU.ActiveCfg = Debug|Any CPU
		{0FCC5D9B-ABB0-4F8A-9C78-8C8B394D31BE}.Development|Any CPU.Build.0 = Debug|Any CPU
		{0FCC5D9B-ABB0-4F8A-9C78-8C8B394D31BE}.Release|Any CPU.ActiveCfg = Release|Any CPU
		{0FCC5D9B-ABB0-4F8A-9C78-8C8B394D31BE}.Release|Any CPU.Build.0 = Release|Any CPU
	EndGlobalSection
	GlobalSection(SolutionProperties) = preSolution
		HideSolutionNode = FALSE
	EndGlobalSection
	GlobalSection(NestedProjects) = preSolution
		{870A5A29-7744-41F1-89E7-90300954AD07} = {9C803CA4-398F-4747-98AE-8B12D40A5A35}
		{4FC9F4A8-D231-449A-A23A-8BE8E1F5B7D2} = {6EEAB5F0-597E-43CF-9A7C-1842292E9C2E}
		{AFA1A57D-48DB-4E7A-87AA-2FE15B65FE00} = {6EEAB5F0-597E-43CF-9A7C-1842292E9C2E}
		{2B75AB1F-42AA-4A9A-ABC8-F2387CF3936C} = {9C803CA4-398F-4747-98AE-8B12D40A5A35}
		{C79F3C1F-3437-42BC-9DA9-9560AEF59A50} = {6EEAB5F0-597E-43CF-9A7C-1842292E9C2E}
		{16720C36-CC74-4884-B13F-E19D9DE7D96A} = {9C803CA4-398F-4747-98AE-8B12D40A5A35}
		{23B1A4D6-6FB3-4FDB-BC35-A4F5A3B87063} = {6EEAB5F0-597E-43CF-9A7C-1842292E9C2E}
		{3FFA626A-BE93-4DFB-A15D-D7AAB98769C3} = {9C803CA4-398F-4747-98AE-8B12D40A5A35}
		{3FC4E860-5CC9-49CA-8844-2AF871932334} = {9C803CA4-398F-4747-98AE-8B12D40A5A35}
		{0FCC5D9B-ABB0-4F8A-9C78-8C8B394D31BE} = {6EEAB5F0-597E-43CF-9A7C-1842292E9C2E}
	EndGlobalSection
EndGlobal
